schema: '2.0'
stages:
  dataIngestion:
    cmd: python src/dataIngestion.py
    deps:
    - path: src/dataIngestion.py
      hash: md5
      md5: 55638e15e0c38b779c0675fc0913797d
      size: 3851
    outs:
    - path: data/raw
      hash: md5
      md5: 1a287d34dc172d9f950c03dae35f7e73.dir
      size: 484846
      nfiles: 2
  preProcessing:
    cmd: python src/preProcessing.py
    deps:
    - path: data/raw
      hash: md5
      md5: 1a287d34dc172d9f950c03dae35f7e73.dir
      size: 484846
      nfiles: 2
    - path: src/preProcessing.py
      hash: md5
      md5: d98298d27bc6f028346b5c0ec2e4d5d0
      size: 4035
    outs:
    - path: data/interim
      hash: md5
      md5: d99be5cb2b019d747166f90739fa6d08.dir
      size: 260073
      nfiles: 2
  featureEngineering:
    cmd: python src/featureEngineering.py
    deps:
    - path: data/interim
      hash: md5
      md5: d99be5cb2b019d747166f90739fa6d08.dir
      size: 260073
      nfiles: 2
    - path: src/featureEngineering.py
      hash: md5
      md5: 125fabf655aaed1957039b1b1ee8ac54
      size: 3912
    outs:
    - path: data/processed
      hash: md5
      md5: 75e218e1ef3eca0fbee7bf147502a2e7.dir
      size: 1179996
      nfiles: 2
  dataTraining:
    cmd: python src/dataTraining.py
    deps:
    - path: data/processed
      hash: md5
      md5: 75e218e1ef3eca0fbee7bf147502a2e7.dir
      size: 1179996
      nfiles: 2
    - path: src/dataTraining.py
      hash: md5
      md5: e8b6f240f5aa00053a9370435585a10d
      size: 4481
    outs:
    - path: models/model.pkl
      hash: md5
      md5: ffe270643e2c69dba3a7023d7737da74
      size: 998455
  modelEvaluation:
    cmd: python src/modelEvaluation.py
    deps:
    - path: models/model.pkl
      hash: md5
      md5: ffe270643e2c69dba3a7023d7737da74
      size: 998455
    - path: src/modelEvaluation.py
      hash: md5
      md5: bd1763a51ebc72691a22146110c0074c
      size: 4650
    outs:
    - path: reports/metrics.json
      hash: md5
      md5: eac6afc8901064a391e7366797af3727
      size: 145
