schema: '2.0'
stages:
  dataIngestion:
    cmd: python src/dataIngestion.py
    deps:
    - path: src/dataIngestion.py
      hash: md5
      md5: a2e3863ec61521d02c7598f2b4573446
      size: 3954
    params:
      params.yaml:
        dataIngestion.test_size: 0.25
    outs:
    - path: data/raw
      hash: md5
      md5: 04dd235295cb72c313e376c794dbd399.dir
      size: 484846
      nfiles: 2
  preProcessing:
    cmd: python src/preProcessing.py
    deps:
    - path: data/raw
      hash: md5
      md5: 04dd235295cb72c313e376c794dbd399.dir
      size: 484846
      nfiles: 2
    - path: src/preProcessing.py
      hash: md5
      md5: d98298d27bc6f028346b5c0ec2e4d5d0
      size: 4035
    outs:
    - path: data/interim
      hash: md5
      md5: a93065f5a2727e5e7dd327b4604144d5.dir
      size: 261440
      nfiles: 2
  featureEngineering:
    cmd: python src/featureEngineering.py
    deps:
    - path: data/interim
      hash: md5
      md5: a93065f5a2727e5e7dd327b4604144d5.dir
      size: 261440
      nfiles: 2
    - path: src/featureEngineering.py
      hash: md5
      md5: 0ca9dbb0aafba3e8865d7782f8c842f7
      size: 3909
    params:
      params.yaml:
        featureEngineering.max_features: 50
    outs:
    - path: data/processed
      hash: md5
      md5: 79ff10c900616c6116d85df92fb2352b.dir
      size: 1184147
      nfiles: 2
  dataTraining:
    cmd: python src/dataTraining.py
    deps:
    - path: data/processed
      hash: md5
      md5: 79ff10c900616c6116d85df92fb2352b.dir
      size: 1184147
      nfiles: 2
    - path: src/dataTraining.py
      hash: md5
      md5: dd326a89912df692aad888fb62283298
      size: 4480
    params:
      params.yaml:
        dataTraining.n_estimators: 25
        dataTraining.random_state: 2
    outs:
    - path: models/model.pkl
      hash: md5
      md5: 82ddd09ef1e747766788e32a6e85aa1d
      size: 949815
  modelEvaluation:
    cmd: python src/modelEvaluation.py
    deps:
    - path: models/model.pkl
      hash: md5
      md5: 82ddd09ef1e747766788e32a6e85aa1d
      size: 949815
    - path: src/modelEvaluation.py
      hash: md5
      md5: 553abb63c25d201ab4732efe779df04d
      size: 4639
    outs:
    - path: reports/metrics.json
      hash: md5
      md5: 568a0150243d36629891488b89547a02
      size: 145
